
Microsoft Visual Studio Solution File, Format Version 11.00
# Visual Studio 2010
Project("{FAE04EC0-301F-11D3-BF4B-00C04F79EFBC}") = "The Guidow Maker", "The Guidow Maker\The Guidow Maker.csproj", "{51BE9364-EA62-4418-A2B3-D7EEE580F101}"
EndProject
Global
	GlobalSection(SolutionConfigurationPlatforms) = preSolution
		Debug|x86 = Debug|x86
		Release|x86 = Release|x86
	EndGlobalSection
	GlobalSection(ProjectConfigurationPlatforms) = postSolution
		{51BE9364-EA62-4418-A2B3-D7EEE580F101}.Debug|x86.ActiveCfg = Debug|x86
		{51BE9364-EA62-4418-A2B3-D7EEE580F101}.Debug|x86.Build.0 = Debug|x86
		{51BE9364-EA62-4418-A2B3-D7EEE580F101}.Release|x86.ActiveCfg = Release|x86
		{51BE9364-EA62-4418-A2B3-D7EEE580F101}.Release|x86.Build.0 = Release|x86
	EndGlobalSection
	GlobalSection(SolutionProperties) = preSolution
		HideSolutionNode = FALSE
	EndGlobalSection
EndGlobal
